// !$*UTF8*$!
{
	archiveVersion = 1;
	classes = {
	};
	objectVersion = 55;
	objects = {

/* Begin PBXBuildFile section */
		6F24822E27945053006437A7 /* InfoCell.swift in Sources */ = {isa = PBXBuildFile; fileRef = 6F24822D27945053006437A7 /* InfoCell.swift */; };
		6F2BDD42277746FA00BB89AF /* CryptoGodApp.swift in Sources */ = {isa = PBXBuildFile; fileRef = 6F2BDD41277746FA00BB89AF /* CryptoGodApp.swift */; };
		6F2BDD46277746FA00BB89AF /* Assets.xcassets in Resources */ = {isa = PBXBuildFile; fileRef = 6F2BDD45277746FA00BB89AF /* Assets.xcassets */; };
		6F2BDD49277746FA00BB89AF /* Preview Assets.xcassets in Resources */ = {isa = PBXBuildFile; fileRef = 6F2BDD48277746FA00BB89AF /* Preview Assets.xcassets */; };
		6F2BDD53277746FA00BB89AF /* CryptoGodTests.swift in Sources */ = {isa = PBXBuildFile; fileRef = 6F2BDD52277746FA00BB89AF /* CryptoGodTests.swift */; };
		6F2BDD5D277746FA00BB89AF /* CryptoGodUITests.swift in Sources */ = {isa = PBXBuildFile; fileRef = 6F2BDD5C277746FA00BB89AF /* CryptoGodUITests.swift */; };
		6F2BDD5F277746FA00BB89AF /* CryptoGodUITestsLaunchTests.swift in Sources */ = {isa = PBXBuildFile; fileRef = 6F2BDD5E277746FA00BB89AF /* CryptoGodUITestsLaunchTests.swift */; };
		6F2BDD9C277756D400BB89AF /* CryptoListView.swift in Sources */ = {isa = PBXBuildFile; fileRef = 6F2BDD9B277756D400BB89AF /* CryptoListView.swift */; };
		6F2BDD9E277756F300BB89AF /* CryptoListViewModel.swift in Sources */ = {isa = PBXBuildFile; fileRef = 6F2BDD9D277756F300BB89AF /* CryptoListViewModel.swift */; };
		6F78CA062778788C00E176F7 /* CombineMoya in Frameworks */ = {isa = PBXBuildFile; productRef = 6F78CA052778788C00E176F7 /* CombineMoya */; };
		6F78CA082778788C00E176F7 /* Moya in Frameworks */ = {isa = PBXBuildFile; productRef = 6F78CA072778788C00E176F7 /* Moya */; };
		6F78CA0A2778788C00E176F7 /* ReactiveMoya in Frameworks */ = {isa = PBXBuildFile; productRef = 6F78CA092778788C00E176F7 /* ReactiveMoya */; };
		6F78CA0C2778788C00E176F7 /* RxMoya in Frameworks */ = {isa = PBXBuildFile; productRef = 6F78CA0B2778788C00E176F7 /* RxMoya */; };
		6FA5B207278B17C7009C1A22 /* CryptoDetailsView.swift in Sources */ = {isa = PBXBuildFile; fileRef = 6FA5B206278B17C7009C1A22 /* CryptoDetailsView.swift */; };
		6FA5B209278B17D5009C1A22 /* CryptoDetailsViewModel.swift in Sources */ = {isa = PBXBuildFile; fileRef = 6FA5B208278B17D5009C1A22 /* CryptoDetailsViewModel.swift */; };
		6FB9A35127787700009CDBAD /* APIBase.h in Headers */ = {isa = PBXBuildFile; fileRef = 6FB9A35027787700009CDBAD /* APIBase.h */; settings = {ATTRIBUTES = (Public, ); }; };
		6FB9A35427787700009CDBAD /* APIBase.framework in Frameworks */ = {isa = PBXBuildFile; fileRef = 6FB9A34E27787700009CDBAD /* APIBase.framework */; };
		6FB9A35527787700009CDBAD /* APIBase.framework in Embed Frameworks */ = {isa = PBXBuildFile; fileRef = 6FB9A34E27787700009CDBAD /* APIBase.framework */; settings = {ATTRIBUTES = (CodeSignOnCopy, RemoveHeadersOnCopy, ); }; };
		6FB9A35927787723009CDBAD /* Crypto.swift in Sources */ = {isa = PBXBuildFile; fileRef = 6F2BDD9327774EAB00BB89AF /* Crypto.swift */; };
		6FB9A35A277877E3009CDBAD /* Environment.swift in Sources */ = {isa = PBXBuildFile; fileRef = 6F2BDD8627774A9600BB89AF /* Environment.swift */; };
		6FB9A35B277877E7009CDBAD /* ServerError.swift in Sources */ = {isa = PBXBuildFile; fileRef = 6F2BDD962777502600BB89AF /* ServerError.swift */; };
		6FB9A35C277877E7009CDBAD /* Secret.swift in Sources */ = {isa = PBXBuildFile; fileRef = 6F2BDD9027774E4800BB89AF /* Secret.swift */; };
		6FB9A35D277877E7009CDBAD /* Request.swift in Sources */ = {isa = PBXBuildFile; fileRef = 6F2BDD8427774A4B00BB89AF /* Request.swift */; };
		6FB9A35E277877E7009CDBAD /* HTTPStatusCode.swift in Sources */ = {isa = PBXBuildFile; fileRef = 6F2BDD982777511300BB89AF /* HTTPStatusCode.swift */; };
		6FB9A35F277877E7009CDBAD /* Service.swift in Sources */ = {isa = PBXBuildFile; fileRef = 6F2BDD82277749DF00BB89AF /* Service.swift */; };
		6FB9A360277877EB009CDBAD /* CryptoRequest.swift in Sources */ = {isa = PBXBuildFile; fileRef = 6F2BDD8E27774C3000BB89AF /* CryptoRequest.swift */; };
		6FC6FD5B27887F5E00AE1B08 /* ListSelectionView.swift in Sources */ = {isa = PBXBuildFile; fileRef = 6FC6FD5A27887F5E00AE1B08 /* ListSelectionView.swift */; };
		6FC6FD5D27887F6D00AE1B08 /* ListSelectionViewModel.swift in Sources */ = {isa = PBXBuildFile; fileRef = 6FC6FD5C27887F6D00AE1B08 /* ListSelectionViewModel.swift */; };
		D6419682459884BA2DBCD79C /* TextStyle.swift in Sources */ = {isa = PBXBuildFile; fileRef = D644C1923A1325EA6070F7D7 /* TextStyle.swift */; };
		D643BBDC64B84D681A12CD22 /* CryptoCell.swift in Sources */ = {isa = PBXBuildFile; fileRef = D648DF5FC55160D227F222B7 /* CryptoCell.swift */; };
		D64E4BBA3593DE92984F93C8 /* NumberStyle.swift in Sources */ = {isa = PBXBuildFile; fileRef = D64026D3F66C5046F5718786 /* NumberStyle.swift */; };
/* End PBXBuildFile section */

/* Begin PBXContainerItemProxy section */
		6F2BDD4F277746FA00BB89AF /* PBXContainerItemProxy */ = {
			isa = PBXContainerItemProxy;
			containerPortal = 6F2BDD36277746FA00BB89AF /* Project object */;
			proxyType = 1;
			remoteGlobalIDString = 6F2BDD3D277746FA00BB89AF;
			remoteInfo = CryptoGod;
		};
		6F2BDD59277746FA00BB89AF /* PBXContainerItemProxy */ = {
			isa = PBXContainerItemProxy;
			containerPortal = 6F2BDD36277746FA00BB89AF /* Project object */;
			proxyType = 1;
			remoteGlobalIDString = 6F2BDD3D277746FA00BB89AF;
			remoteInfo = CryptoGod;
		};
		6FB9A35227787700009CDBAD /* PBXContainerItemProxy */ = {
			isa = PBXContainerItemProxy;
			containerPortal = 6F2BDD36277746FA00BB89AF /* Project object */;
			proxyType = 1;
			remoteGlobalIDString = 6FB9A34D27787700009CDBAD;
			remoteInfo = APIBase;
		};
/* End PBXContainerItemProxy section */

/* Begin PBXCopyFilesBuildPhase section */
		6FDDCDBB2777588A008CE4BA /* Embed Frameworks */ = {
			isa = PBXCopyFilesBuildPhase;
			buildActionMask = 2147483647;
			dstPath = "";
			dstSubfolderSpec = 10;
			files = (
				6FB9A35527787700009CDBAD /* APIBase.framework in Embed Frameworks */,
			);
			name = "Embed Frameworks";
			runOnlyForDeploymentPostprocessing = 0;
		};
/* End PBXCopyFilesBuildPhase section */

/* Begin PBXFileReference section */
		6F24822D27945053006437A7 /* InfoCell.swift */ = {isa = PBXFileReference; lastKnownFileType = sourcecode.swift; path = InfoCell.swift; sourceTree = "<group>"; };
		6F2BDD3E277746FA00BB89AF /* CryptoGod.app */ = {isa = PBXFileReference; explicitFileType = wrapper.application; includeInIndex = 0; path = CryptoGod.app; sourceTree = BUILT_PRODUCTS_DIR; };
		6F2BDD41277746FA00BB89AF /* CryptoGodApp.swift */ = {isa = PBXFileReference; lastKnownFileType = sourcecode.swift; path = CryptoGodApp.swift; sourceTree = "<group>"; };
		6F2BDD45277746FA00BB89AF /* Assets.xcassets */ = {isa = PBXFileReference; lastKnownFileType = folder.assetcatalog; path = Assets.xcassets; sourceTree = "<group>"; };
		6F2BDD48277746FA00BB89AF /* Preview Assets.xcassets */ = {isa = PBXFileReference; lastKnownFileType = folder.assetcatalog; path = "Preview Assets.xcassets"; sourceTree = "<group>"; };
		6F2BDD4E277746FA00BB89AF /* CryptoGodTests.xctest */ = {isa = PBXFileReference; explicitFileType = wrapper.cfbundle; includeInIndex = 0; path = CryptoGodTests.xctest; sourceTree = BUILT_PRODUCTS_DIR; };
		6F2BDD52277746FA00BB89AF /* CryptoGodTests.swift */ = {isa = PBXFileReference; lastKnownFileType = sourcecode.swift; path = CryptoGodTests.swift; sourceTree = "<group>"; };
		6F2BDD58277746FA00BB89AF /* CryptoGodUITests.xctest */ = {isa = PBXFileReference; explicitFileType = wrapper.cfbundle; includeInIndex = 0; path = CryptoGodUITests.xctest; sourceTree = BUILT_PRODUCTS_DIR; };
		6F2BDD5C277746FA00BB89AF /* CryptoGodUITests.swift */ = {isa = PBXFileReference; lastKnownFileType = sourcecode.swift; path = CryptoGodUITests.swift; sourceTree = "<group>"; };
		6F2BDD5E277746FA00BB89AF /* CryptoGodUITestsLaunchTests.swift */ = {isa = PBXFileReference; lastKnownFileType = sourcecode.swift; path = CryptoGodUITestsLaunchTests.swift; sourceTree = "<group>"; };
		6F2BDD82277749DF00BB89AF /* Service.swift */ = {isa = PBXFileReference; lastKnownFileType = sourcecode.swift; path = Service.swift; sourceTree = "<group>"; };
		6F2BDD8427774A4B00BB89AF /* Request.swift */ = {isa = PBXFileReference; lastKnownFileType = sourcecode.swift; path = Request.swift; sourceTree = "<group>"; };
		6F2BDD8627774A9600BB89AF /* Environment.swift */ = {isa = PBXFileReference; lastKnownFileType = sourcecode.swift; path = Environment.swift; sourceTree = "<group>"; };
		6F2BDD8E27774C3000BB89AF /* CryptoRequest.swift */ = {isa = PBXFileReference; lastKnownFileType = sourcecode.swift; path = CryptoRequest.swift; sourceTree = "<group>"; };
		6F2BDD9027774E4800BB89AF /* Secret.swift */ = {isa = PBXFileReference; lastKnownFileType = sourcecode.swift; path = Secret.swift; sourceTree = "<group>"; };
		6F2BDD9327774EAB00BB89AF /* Crypto.swift */ = {isa = PBXFileReference; lastKnownFileType = sourcecode.swift; path = Crypto.swift; sourceTree = "<group>"; };
		6F2BDD962777502600BB89AF /* ServerError.swift */ = {isa = PBXFileReference; lastKnownFileType = sourcecode.swift; path = ServerError.swift; sourceTree = "<group>"; };
		6F2BDD982777511300BB89AF /* HTTPStatusCode.swift */ = {isa = PBXFileReference; lastKnownFileType = sourcecode.swift; path = HTTPStatusCode.swift; sourceTree = "<group>"; };
		6F2BDD9B277756D400BB89AF /* CryptoListView.swift */ = {isa = PBXFileReference; lastKnownFileType = sourcecode.swift; path = CryptoListView.swift; sourceTree = "<group>"; };
		6F2BDD9D277756F300BB89AF /* CryptoListViewModel.swift */ = {isa = PBXFileReference; lastKnownFileType = sourcecode.swift; path = CryptoListViewModel.swift; sourceTree = "<group>"; };
		6FA5B206278B17C7009C1A22 /* CryptoDetailsView.swift */ = {isa = PBXFileReference; lastKnownFileType = sourcecode.swift; path = CryptoDetailsView.swift; sourceTree = "<group>"; };
		6FA5B208278B17D5009C1A22 /* CryptoDetailsViewModel.swift */ = {isa = PBXFileReference; lastKnownFileType = sourcecode.swift; path = CryptoDetailsViewModel.swift; sourceTree = "<group>"; };
		6FB9A34E27787700009CDBAD /* APIBase.framework */ = {isa = PBXFileReference; explicitFileType = wrapper.framework; includeInIndex = 0; path = APIBase.framework; sourceTree = BUILT_PRODUCTS_DIR; };
		6FB9A35027787700009CDBAD /* APIBase.h */ = {isa = PBXFileReference; lastKnownFileType = sourcecode.c.h; path = APIBase.h; sourceTree = "<group>"; };
		6FC6FD5A27887F5E00AE1B08 /* ListSelectionView.swift */ = {isa = PBXFileReference; lastKnownFileType = sourcecode.swift; path = ListSelectionView.swift; sourceTree = "<group>"; };
		6FC6FD5C27887F6D00AE1B08 /* ListSelectionViewModel.swift */ = {isa = PBXFileReference; lastKnownFileType = sourcecode.swift; path = ListSelectionViewModel.swift; sourceTree = "<group>"; };
		D64026D3F66C5046F5718786 /* NumberStyle.swift */ = {isa = PBXFileReference; fileEncoding = 4; lastKnownFileType = sourcecode.swift; path = NumberStyle.swift; sourceTree = "<group>"; };
		D644C1923A1325EA6070F7D7 /* TextStyle.swift */ = {isa = PBXFileReference; fileEncoding = 4; lastKnownFileType = sourcecode.swift; path = TextStyle.swift; sourceTree = "<group>"; };
		D648DF5FC55160D227F222B7 /* CryptoCell.swift */ = {isa = PBXFileReference; fileEncoding = 4; lastKnownFileType = sourcecode.swift; path = CryptoCell.swift; sourceTree = "<group>"; };
/* End PBXFileReference section */

/* Begin PBXFrameworksBuildPhase section */
		6F2BDD3B277746FA00BB89AF /* Frameworks */ = {
			isa = PBXFrameworksBuildPhase;
			buildActionMask = 2147483647;
			files = (
				6FB9A35427787700009CDBAD /* APIBase.framework in Frameworks */,
			);
			runOnlyForDeploymentPostprocessing = 0;
		};
		6F2BDD4B277746FA00BB89AF /* Frameworks */ = {
			isa = PBXFrameworksBuildPhase;
			buildActionMask = 2147483647;
			files = (
			);
			runOnlyForDeploymentPostprocessing = 0;
		};
		6F2BDD55277746FA00BB89AF /* Frameworks */ = {
			isa = PBXFrameworksBuildPhase;
			buildActionMask = 2147483647;
			files = (
			);
			runOnlyForDeploymentPostprocessing = 0;
		};
		6FB9A34B27787700009CDBAD /* Frameworks */ = {
			isa = PBXFrameworksBuildPhase;
			buildActionMask = 2147483647;
			files = (
				6F78CA082778788C00E176F7 /* Moya in Frameworks */,
				6F78CA062778788C00E176F7 /* CombineMoya in Frameworks */,
				6F78CA0C2778788C00E176F7 /* RxMoya in Frameworks */,
				6F78CA0A2778788C00E176F7 /* ReactiveMoya in Frameworks */,
			);
			runOnlyForDeploymentPostprocessing = 0;
		};
/* End PBXFrameworksBuildPhase section */

/* Begin PBXGroup section */
		6F2BDD35277746FA00BB89AF = {
			isa = PBXGroup;
			children = (
				6F2BDD40277746FA00BB89AF /* CryptoGod */,
				6F2BDD51277746FA00BB89AF /* CryptoGodTests */,
				6F2BDD5B277746FA00BB89AF /* CryptoGodUITests */,
				6FB9A34F27787700009CDBAD /* APIBase */,
				6F2BDD3F277746FA00BB89AF /* Products */,
			);
			sourceTree = "<group>";
		};
		6F2BDD3F277746FA00BB89AF /* Products */ = {
			isa = PBXGroup;
			children = (
				6F2BDD3E277746FA00BB89AF /* CryptoGod.app */,
				6F2BDD4E277746FA00BB89AF /* CryptoGodTests.xctest */,
				6F2BDD58277746FA00BB89AF /* CryptoGodUITests.xctest */,
				6FB9A34E27787700009CDBAD /* APIBase.framework */,
			);
			name = Products;
			sourceTree = "<group>";
		};
		6F2BDD40277746FA00BB89AF /* CryptoGod */ = {
			isa = PBXGroup;
			children = (
				6FA5B205278B17A4009C1A22 /* CryptoDetails */,
				6FC6FD5927887EDB00AE1B08 /* ListSelection */,
				6F2BDD41277746FA00BB89AF /* CryptoGodApp.swift */,
				6F2BDD8827774B6900BB89AF /* CryptoList */,
				6F2BDD45277746FA00BB89AF /* Assets.xcassets */,
				6F2BDD47277746FA00BB89AF /* Preview Content */,
				D6407AD76AE5762D4C4FD5B4 /* Styling */,
				D64F1DFCC438521A4DC9AEF1 /* Components */,
			);
			path = CryptoGod;
			sourceTree = "<group>";
		};
		6F2BDD47277746FA00BB89AF /* Preview Content */ = {
			isa = PBXGroup;
			children = (
				6F2BDD48277746FA00BB89AF /* Preview Assets.xcassets */,
			);
			path = "Preview Content";
			sourceTree = "<group>";
		};
		6F2BDD51277746FA00BB89AF /* CryptoGodTests */ = {
			isa = PBXGroup;
			children = (
				6F2BDD52277746FA00BB89AF /* CryptoGodTests.swift */,
			);
			path = CryptoGodTests;
			sourceTree = "<group>";
		};
		6F2BDD5B277746FA00BB89AF /* CryptoGodUITests */ = {
			isa = PBXGroup;
			children = (
				6F2BDD5C277746FA00BB89AF /* CryptoGodUITests.swift */,
				6F2BDD5E277746FA00BB89AF /* CryptoGodUITestsLaunchTests.swift */,
			);
			path = CryptoGodUITests;
			sourceTree = "<group>";
		};
		6F2BDD8827774B6900BB89AF /* CryptoList */ = {
			isa = PBXGroup;
			children = (
				6F2BDD9B277756D400BB89AF /* CryptoListView.swift */,
				6F2BDD9D277756F300BB89AF /* CryptoListViewModel.swift */,
			);
			path = CryptoList;
			sourceTree = "<group>";
		};
		6F2BDD8927774BAE00BB89AF /* Networking */ = {
			isa = PBXGroup;
			children = (
				6F2BDD8C27774C0200BB89AF /* CryptoTop */,
			);
			path = Networking;
			sourceTree = "<group>";
		};
		6F2BDD8C27774C0200BB89AF /* CryptoTop */ = {
			isa = PBXGroup;
			children = (
				6F2BDD9227774E9900BB89AF /* Responses */,
				6F2BDD8D27774C0C00BB89AF /* Requests */,
			);
			path = CryptoTop;
			sourceTree = "<group>";
		};
		6F2BDD8D27774C0C00BB89AF /* Requests */ = {
			isa = PBXGroup;
			children = (
				6F2BDD8E27774C3000BB89AF /* CryptoRequest.swift */,
			);
			path = Requests;
			sourceTree = "<group>";
		};
		6F2BDD9227774E9900BB89AF /* Responses */ = {
			isa = PBXGroup;
			children = (
				6F2BDD9327774EAB00BB89AF /* Crypto.swift */,
			);
			path = Responses;
			sourceTree = "<group>";
		};
		6F2BDD9527774FF500BB89AF /* Utils */ = {
			isa = PBXGroup;
			children = (
				6F2BDD8927774BAE00BB89AF /* Networking */,
				6F2BDD9027774E4800BB89AF /* Secret.swift */,
				6F2BDD8627774A9600BB89AF /* Environment.swift */,
				6F2BDD82277749DF00BB89AF /* Service.swift */,
				6F2BDD8427774A4B00BB89AF /* Request.swift */,
				6F2BDD962777502600BB89AF /* ServerError.swift */,
				6F2BDD982777511300BB89AF /* HTTPStatusCode.swift */,
			);
			path = Utils;
			sourceTree = "<group>";
		};
		6FA5B205278B17A4009C1A22 /* CryptoDetails */ = {
			isa = PBXGroup;
			children = (
				6FA5B206278B17C7009C1A22 /* CryptoDetailsView.swift */,
				6FA5B208278B17D5009C1A22 /* CryptoDetailsViewModel.swift */,
			);
			path = CryptoDetails;
			sourceTree = "<group>";
		};
		6FB9A34F27787700009CDBAD /* APIBase */ = {
			isa = PBXGroup;
			children = (
				6F2BDD9527774FF500BB89AF /* Utils */,
				6FB9A35027787700009CDBAD /* APIBase.h */,
			);
			path = APIBase;
			sourceTree = "<group>";
		};
		6FC6FD5927887EDB00AE1B08 /* ListSelection */ = {
			isa = PBXGroup;
			children = (
				6FC6FD5A27887F5E00AE1B08 /* ListSelectionView.swift */,
				6FC6FD5C27887F6D00AE1B08 /* ListSelectionViewModel.swift */,
			);
			path = ListSelection;
			sourceTree = "<group>";
		};
		D6407AD76AE5762D4C4FD5B4 /* Styling */ = {
			isa = PBXGroup;
			children = (
				D64026D3F66C5046F5718786 /* NumberStyle.swift */,
				D644C1923A1325EA6070F7D7 /* TextStyle.swift */,
			);
			path = Styling;
			sourceTree = "<group>";
		};
		D64F1DFCC438521A4DC9AEF1 /* Components */ = {
			isa = PBXGroup;
			children = (
				D648DF5FC55160D227F222B7 /* CryptoCell.swift */,
				6F24822D27945053006437A7 /* InfoCell.swift */,
			);
			path = Components;
			sourceTree = "<group>";
		};
/* End PBXGroup section */

/* Begin PBXHeadersBuildPhase section */
		6FB9A34927787700009CDBAD /* Headers */ = {
			isa = PBXHeadersBuildPhase;
			buildActionMask = 2147483647;
			files = (
				6FB9A35127787700009CDBAD /* APIBase.h in Headers */,
			);
			runOnlyForDeploymentPostprocessing = 0;
		};
/* End PBXHeadersBuildPhase section */

/* Begin PBXNativeTarget section */
		6F2BDD3D277746FA00BB89AF /* CryptoGod */ = {
			isa = PBXNativeTarget;
			buildConfigurationList = 6F2BDD62277746FA00BB89AF /* Build configuration list for PBXNativeTarget "CryptoGod" */;
			buildPhases = (
				6F2BDD3A277746FA00BB89AF /* Sources */,
				6F2BDD3B277746FA00BB89AF /* Frameworks */,
				6F2BDD3C277746FA00BB89AF /* Resources */,
				6FDDCDBB2777588A008CE4BA /* Embed Frameworks */,
			);
			buildRules = (
			);
			dependencies = (
				6FB9A35327787700009CDBAD /* PBXTargetDependency */,
			);
			name = CryptoGod;
			packageProductDependencies = (
			);
			productName = CryptoGod;
			productReference = 6F2BDD3E277746FA00BB89AF /* CryptoGod.app */;
			productType = "com.apple.product-type.application";
		};
		6F2BDD4D277746FA00BB89AF /* CryptoGodTests */ = {
			isa = PBXNativeTarget;
			buildConfigurationList = 6F2BDD65277746FA00BB89AF /* Build configuration list for PBXNativeTarget "CryptoGodTests" */;
			buildPhases = (
				6F2BDD4A277746FA00BB89AF /* Sources */,
				6F2BDD4B277746FA00BB89AF /* Frameworks */,
				6F2BDD4C277746FA00BB89AF /* Resources */,
			);
			buildRules = (
			);
			dependencies = (
				6F2BDD50277746FA00BB89AF /* PBXTargetDependency */,
			);
			name = CryptoGodTests;
			productName = CryptoGodTests;
			productReference = 6F2BDD4E277746FA00BB89AF /* CryptoGodTests.xctest */;
			productType = "com.apple.product-type.bundle.unit-test";
		};
		6F2BDD57277746FA00BB89AF /* CryptoGodUITests */ = {
			isa = PBXNativeTarget;
			buildConfigurationList = 6F2BDD68277746FA00BB89AF /* Build configuration list for PBXNativeTarget "CryptoGodUITests" */;
			buildPhases = (
				6F2BDD54277746FA00BB89AF /* Sources */,
				6F2BDD55277746FA00BB89AF /* Frameworks */,
				6F2BDD56277746FA00BB89AF /* Resources */,
			);
			buildRules = (
			);
			dependencies = (
				6F2BDD5A277746FA00BB89AF /* PBXTargetDependency */,
			);
			name = CryptoGodUITests;
			productName = CryptoGodUITests;
			productReference = 6F2BDD58277746FA00BB89AF /* CryptoGodUITests.xctest */;
			productType = "com.apple.product-type.bundle.ui-testing";
		};
		6FB9A34D27787700009CDBAD /* APIBase */ = {
			isa = PBXNativeTarget;
			buildConfigurationList = 6FB9A35827787700009CDBAD /* Build configuration list for PBXNativeTarget "APIBase" */;
			buildPhases = (
				6FB9A34927787700009CDBAD /* Headers */,
				6FB9A34A27787700009CDBAD /* Sources */,
				6FB9A34B27787700009CDBAD /* Frameworks */,
				6FB9A34C27787700009CDBAD /* Resources */,
			);
			buildRules = (
			);
			dependencies = (
			);
			name = APIBase;
			packageProductDependencies = (
				6F78CA052778788C00E176F7 /* CombineMoya */,
				6F78CA072778788C00E176F7 /* Moya */,
				6F78CA092778788C00E176F7 /* ReactiveMoya */,
				6F78CA0B2778788C00E176F7 /* RxMoya */,
			);
			productName = APIBase;
			productReference = 6FB9A34E27787700009CDBAD /* APIBase.framework */;
			productType = "com.apple.product-type.framework";
		};
/* End PBXNativeTarget section */

/* Begin PBXProject section */
		6F2BDD36277746FA00BB89AF /* Project object */ = {
			isa = PBXProject;
			attributes = {
				BuildIndependentTargetsInParallel = 1;
				LastSwiftUpdateCheck = 1300;
				LastUpgradeCheck = 1300;
				TargetAttributes = {
					6F2BDD3D277746FA00BB89AF = {
						CreatedOnToolsVersion = 13.0;
					};
					6F2BDD4D277746FA00BB89AF = {
						CreatedOnToolsVersion = 13.0;
						TestTargetID = 6F2BDD3D277746FA00BB89AF;
					};
					6F2BDD57277746FA00BB89AF = {
						CreatedOnToolsVersion = 13.0;
						TestTargetID = 6F2BDD3D277746FA00BB89AF;
					};
					6FB9A34D27787700009CDBAD = {
						CreatedOnToolsVersion = 13.0;
					};
				};
			};
			buildConfigurationList = 6F2BDD39277746FA00BB89AF /* Build configuration list for PBXProject "CryptoGod" */;
			compatibilityVersion = "Xcode 13.0";
			developmentRegion = en;
			hasScannedForEncodings = 0;
			knownRegions = (
				en,
				Base,
			);
			mainGroup = 6F2BDD35277746FA00BB89AF;
			packageReferences = (
				6F78CA042778788C00E176F7 /* XCRemoteSwiftPackageReference "Moya.git" */,
			);
			productRefGroup = 6F2BDD3F277746FA00BB89AF /* Products */;
			projectDirPath = "";
			projectRoot = "";
			targets = (
				6F2BDD3D277746FA00BB89AF /* CryptoGod */,
				6F2BDD4D277746FA00BB89AF /* CryptoGodTests */,
				6F2BDD57277746FA00BB89AF /* CryptoGodUITests */,
				6FB9A34D27787700009CDBAD /* APIBase */,
			);
		};
/* End PBXProject section */

/* Begin PBXResourcesBuildPhase section */
		6F2BDD3C277746FA00BB89AF /* Resources */ = {
			isa = PBXResourcesBuildPhase;
			buildActionMask = 2147483647;
			files = (
				6F2BDD49277746FA00BB89AF /* Preview Assets.xcassets in Resources */,
				6F2BDD46277746FA00BB89AF /* Assets.xcassets in Resources */,
			);
			runOnlyForDeploymentPostprocessing = 0;
		};
		6F2BDD4C277746FA00BB89AF /* Resources */ = {
			isa = PBXResourcesBuildPhase;
			buildActionMask = 2147483647;
			files = (
			);
			runOnlyForDeploymentPostprocessing = 0;
		};
		6F2BDD56277746FA00BB89AF /* Resources */ = {
			isa = PBXResourcesBuildPhase;
			buildActionMask = 2147483647;
			files = (
			);
			runOnlyForDeploymentPostprocessing = 0;
		};
		6FB9A34C27787700009CDBAD /* Resources */ = {
			isa = PBXResourcesBuildPhase;
			buildActionMask = 2147483647;
			files = (
			);
			runOnlyForDeploymentPostprocessing = 0;
		};
/* End PBXResourcesBuildPhase section */

/* Begin PBXSourcesBuildPhase section */
		6F2BDD3A277746FA00BB89AF /* Sources */ = {
			isa = PBXSourcesBuildPhase;
			buildActionMask = 2147483647;
			files = (
				6F2BDD9C277756D400BB89AF /* CryptoListView.swift in Sources */,
				6FA5B209278B17D5009C1A22 /* CryptoDetailsViewModel.swift in Sources */,
				6F2BDD42277746FA00BB89AF /* CryptoGodApp.swift in Sources */,
				6FA5B207278B17C7009C1A22 /* CryptoDetailsView.swift in Sources */,
				6FC6FD5D27887F6D00AE1B08 /* ListSelectionViewModel.swift in Sources */,
				6F24822E27945053006437A7 /* InfoCell.swift in Sources */,
				6F2BDD9E277756F300BB89AF /* CryptoListViewModel.swift in Sources */,
				D64E4BBA3593DE92984F93C8 /* NumberStyle.swift in Sources */,
				D6419682459884BA2DBCD79C /* TextStyle.swift in Sources */,
				D643BBDC64B84D681A12CD22 /* CryptoCell.swift in Sources */,
				6FC6FD5B27887F5E00AE1B08 /* ListSelectionView.swift in Sources */,
			);
			runOnlyForDeploymentPostprocessing = 0;
		};
		6F2BDD4A277746FA00BB89AF /* Sources */ = {
			isa = PBXSourcesBuildPhase;
			buildActionMask = 2147483647;
			files = (
				6F2BDD53277746FA00BB89AF /* CryptoGodTests.swift in Sources */,
			);
			runOnlyForDeploymentPostprocessing = 0;
		};
		6F2BDD54277746FA00BB89AF /* Sources */ = {
			isa = PBXSourcesBuildPhase;
			buildActionMask = 2147483647;
			files = (
				6F2BDD5F277746FA00BB89AF /* CryptoGodUITestsLaunchTests.swift in Sources */,
				6F2BDD5D277746FA00BB89AF /* CryptoGodUITests.swift in Sources */,
			);
			runOnlyForDeploymentPostprocessing = 0;
		};
		6FB9A34A27787700009CDBAD /* Sources */ = {
			isa = PBXSourcesBuildPhase;
			buildActionMask = 2147483647;
			files = (
				6FB9A360277877EB009CDBAD /* CryptoRequest.swift in Sources */,
				6FB9A35E277877E7009CDBAD /* HTTPStatusCode.swift in Sources */,
				6FB9A35F277877E7009CDBAD /* Service.swift in Sources */,
				6FB9A35A277877E3009CDBAD /* Environment.swift in Sources */,
				6FB9A35C277877E7009CDBAD /* Secret.swift in Sources */,
				6FB9A35D277877E7009CDBAD /* Request.swift in Sources */,
				6FB9A35927787723009CDBAD /* Crypto.swift in Sources */,
				6FB9A35B277877E7009CDBAD /* ServerError.swift in Sources */,
			);
			runOnlyForDeploymentPostprocessing = 0;
		};
/* End PBXSourcesBuildPhase section */

/* Begin PBXTargetDependency section */
		6F2BDD50277746FA00BB89AF /* PBXTargetDependency */ = {
			isa = PBXTargetDependency;
			target = 6F2BDD3D277746FA00BB89AF /* CryptoGod */;
			targetProxy = 6F2BDD4F277746FA00BB89AF /* PBXContainerItemProxy */;
		};
		6F2BDD5A277746FA00BB89AF /* PBXTargetDependency */ = {
			isa = PBXTargetDependency;
			target = 6F2BDD3D277746FA00BB89AF /* CryptoGod */;
			targetProxy = 6F2BDD59277746FA00BB89AF /* PBXContainerItemProxy */;
		};
		6FB9A35327787700009CDBAD /* PBXTargetDependency */ = {
			isa = PBXTargetDependency;
			target = 6FB9A34D27787700009CDBAD /* APIBase */;
			targetProxy = 6FB9A35227787700009CDBAD /* PBXContainerItemProxy */;
		};
/* End PBXTargetDependency section */

/* Begin XCBuildConfiguration section */
		6F2BDD60277746FA00BB89AF /* Debug */ = {
			isa = XCBuildConfiguration;
			buildSettings = {
				ALWAYS_SEARCH_USER_PATHS = NO;
				CLANG_ANALYZER_NONNULL = YES;
				CLANG_ANALYZER_NUMBER_OBJECT_CONVERSION = YES_AGGRESSIVE;
				CLANG_CXX_LANGUAGE_STANDARD = "gnu++17";
				CLANG_CXX_LIBRARY = "libc++";
				CLANG_ENABLE_MODULES = YES;
				CLANG_ENABLE_OBJC_ARC = YES;
				CLANG_ENABLE_OBJC_WEAK = YES;
				CLANG_WARN_BLOCK_CAPTURE_AUTORELEASING = YES;
				CLANG_WARN_BOOL_CONVERSION = YES;
				CLANG_WARN_COMMA = YES;
				CLANG_WARN_CONSTANT_CONVERSION = YES;
				CLANG_WARN_DEPRECATED_OBJC_IMPLEMENTATIONS = YES;
				CLANG_WARN_DIRECT_OBJC_ISA_USAGE = YES_ERROR;
				CLANG_WARN_DOCUMENTATION_COMMENTS = YES;
				CLANG_WARN_EMPTY_BODY = YES;
				CLANG_WARN_ENUM_CONVERSION = YES;
				CLANG_WARN_INFINITE_RECURSION = YES;
				CLANG_WARN_INT_CONVERSION = YES;
				CLANG_WARN_NON_LITERAL_NULL_CONVERSION = YES;
				CLANG_WARN_OBJC_IMPLICIT_RETAIN_SELF = YES;
				CLANG_WARN_OBJC_LITERAL_CONVERSION = YES;
				CLANG_WARN_OBJC_ROOT_CLASS = YES_ERROR;
				CLANG_WARN_QUOTED_INCLUDE_IN_FRAMEWORK_HEADER = YES;
				CLANG_WARN_RANGE_LOOP_ANALYSIS = YES;
				CLANG_WARN_STRICT_PROTOTYPES = YES;
				CLANG_WARN_SUSPICIOUS_MOVE = YES;
				CLANG_WARN_UNGUARDED_AVAILABILITY = YES_AGGRESSIVE;
				CLANG_WARN_UNREACHABLE_CODE = YES;
				CLANG_WARN__DUPLICATE_METHOD_MATCH = YES;
				COPY_PHASE_STRIP = NO;
				DEBUG_INFORMATION_FORMAT = dwarf;
				ENABLE_STRICT_OBJC_MSGSEND = YES;
				ENABLE_TESTABILITY = YES;
				GCC_C_LANGUAGE_STANDARD = gnu11;
				GCC_DYNAMIC_NO_PIC = NO;
				GCC_NO_COMMON_BLOCKS = YES;
				GCC_OPTIMIZATION_LEVEL = 0;
				GCC_PREPROCESSOR_DEFINITIONS = (
					"DEBUG=1",
					"$(inherited)",
				);
				GCC_WARN_64_TO_32_BIT_CONVERSION = YES;
				GCC_WARN_ABOUT_RETURN_TYPE = YES_ERROR;
				GCC_WARN_UNDECLARED_SELECTOR = YES;
				GCC_WARN_UNINITIALIZED_AUTOS = YES_AGGRESSIVE;
				GCC_WARN_UNUSED_FUNCTION = YES;
				GCC_WARN_UNUSED_VARIABLE = YES;
				IPHONEOS_DEPLOYMENT_TARGET = 15.0;
				MTL_ENABLE_DEBUG_INFO = INCLUDE_SOURCE;
				MTL_FAST_MATH = YES;
				ONLY_ACTIVE_ARCH = YES;
				SDKROOT = iphoneos;
				SWIFT_ACTIVE_COMPILATION_CONDITIONS = DEBUG;
				SWIFT_OPTIMIZATION_LEVEL = "-Onone";
			};
			name = Debug;
		};
		6F2BDD61277746FA00BB89AF /* Release */ = {
			isa = XCBuildConfiguration;
			buildSettings = {
				ALWAYS_SEARCH_USER_PATHS = NO;
				CLANG_ANALYZER_NONNULL = YES;
				CLANG_ANALYZER_NUMBER_OBJECT_CONVERSION = YES_AGGRESSIVE;
				CLANG_CXX_LANGUAGE_STANDARD = "gnu++17";
				CLANG_CXX_LIBRARY = "libc++";
				CLANG_ENABLE_MODULES = YES;
				CLANG_ENABLE_OBJC_ARC = YES;
				CLANG_ENABLE_OBJC_WEAK = YES;
				CLANG_WARN_BLOCK_CAPTURE_AUTORELEASING = YES;
				CLANG_WARN_BOOL_CONVERSION = YES;
				CLANG_WARN_COMMA = YES;
				CLANG_WARN_CONSTANT_CONVERSION = YES;
				CLANG_WARN_DEPRECATED_OBJC_IMPLEMENTATIONS = YES;
				CLANG_WARN_DIRECT_OBJC_ISA_USAGE = YES_ERROR;
				CLANG_WARN_DOCUMENTATION_COMMENTS = YES;
				CLANG_WARN_EMPTY_BODY = YES;
				CLANG_WARN_ENUM_CONVERSION = YES;
				CLANG_WARN_INFINITE_RECURSION = YES;
				CLANG_WARN_INT_CONVERSION = YES;
				CLANG_WARN_NON_LITERAL_NULL_CONVERSION = YES;
				CLANG_WARN_OBJC_IMPLICIT_RETAIN_SELF = YES;
				CLANG_WARN_OBJC_LITERAL_CONVERSION = YES;
				CLANG_WARN_OBJC_ROOT_CLASS = YES_ERROR;
				CLANG_WARN_QUOTED_INCLUDE_IN_FRAMEWORK_HEADER = YES;
				CLANG_WARN_RANGE_LOOP_ANALYSIS = YES;
				CLANG_WARN_STRICT_PROTOTYPES = YES;
				CLANG_WARN_SUSPICIOUS_MOVE = YES;
				CLANG_WARN_UNGUARDED_AVAILABILITY = YES_AGGRESSIVE;
				CLANG_WARN_UNREACHABLE_CODE = YES;
				CLANG_WARN__DUPLICATE_METHOD_MATCH = YES;
				COPY_PHASE_STRIP = NO;
				DEBUG_INFORMATION_FORMAT = "dwarf-with-dsym";
				ENABLE_NS_ASSERTIONS = NO;
				ENABLE_STRICT_OBJC_MSGSEND = YES;
				GCC_C_LANGUAGE_STANDARD = gnu11;
				GCC_NO_COMMON_BLOCKS = YES;
				GCC_WARN_64_TO_32_BIT_CONVERSION = YES;
				GCC_WARN_ABOUT_RETURN_TYPE = YES_ERROR;
				GCC_WARN_UNDECLARED_SELECTOR = YES;
				GCC_WARN_UNINITIALIZED_AUTOS = YES_AGGRESSIVE;
				GCC_WARN_UNUSED_FUNCTION = YES;
				GCC_WARN_UNUSED_VARIABLE = YES;
				IPHONEOS_DEPLOYMENT_TARGET = 15.0;
				MTL_ENABLE_DEBUG_INFO = NO;
				MTL_FAST_MATH = YES;
				SDKROOT = iphoneos;
				SWIFT_COMPILATION_MODE = wholemodule;
				SWIFT_OPTIMIZATION_LEVEL = "-O";
				VALIDATE_PRODUCT = YES;
			};
			name = Release;
		};
		6F2BDD63277746FA00BB89AF /* Debug */ = {
			isa = XCBuildConfiguration;
			buildSettings = {
				ALWAYS_EMBED_SWIFT_STANDARD_LIBRARIES = YES;
				ASSETCATALOG_COMPILER_APPICON_NAME = AppIcon;
				ASSETCATALOG_COMPILER_GLOBAL_ACCENT_COLOR_NAME = AccentColor;
				CODE_SIGN_STYLE = Automatic;
				CURRENT_PROJECT_VERSION = 1;
				DEVELOPMENT_ASSET_PATHS = "\"CryptoGod/Preview Content\"";
				DEVELOPMENT_TEAM = F72524F5FQ;
				ENABLE_PREVIEWS = YES;
				GENERATE_INFOPLIST_FILE = YES;
				INFOPLIST_KEY_UIApplicationSceneManifest_Generation = YES;
				INFOPLIST_KEY_UIApplicationSupportsIndirectInputEvents = YES;
				INFOPLIST_KEY_UILaunchScreen_Generation = YES;
				INFOPLIST_KEY_UISupportedInterfaceOrientations_iPad = "UIInterfaceOrientationPortrait UIInterfaceOrientationPortraitUpsideDown UIInterfaceOrientationLandscapeLeft UIInterfaceOrientationLandscapeRight";
				INFOPLIST_KEY_UISupportedInterfaceOrientations_iPhone = "UIInterfaceOrientationPortrait UIInterfaceOrientationLandscapeLeft UIInterfaceOrientationLandscapeRight";
				IPHONEOS_DEPLOYMENT_TARGET = 15.0;
				LD_RUNPATH_SEARCH_PATHS = (
					"$(inherited)",
					"@executable_path/Frameworks",
				);
				MARKETING_VERSION = 1.0;
				PRODUCT_BUNDLE_IDENTIFIER = com.fang.yiwan.CryptoGod;
				PRODUCT_NAME = "$(TARGET_NAME)";
				SWIFT_EMIT_LOC_STRINGS = YES;
				SWIFT_VERSION = 5.0;
				TARGETED_DEVICE_FAMILY = "1,2";
			};
			name = Debug;
		};
		6F2BDD64277746FA00BB89AF /* Release */ = {
			isa = XCBuildConfiguration;
			buildSettings = {
				ALWAYS_EMBED_SWIFT_STANDARD_LIBRARIES = YES;
				ASSETCATALOG_COMPILER_APPICON_NAME = AppIcon;
				ASSETCATALOG_COMPILER_GLOBAL_ACCENT_COLOR_NAME = AccentColor;
				CODE_SIGN_STYLE = Automatic;
				CURRENT_PROJECT_VERSION = 1;
				DEVELOPMENT_ASSET_PATHS = "\"CryptoGod/Preview Content\"";
				DEVELOPMENT_TEAM = F72524F5FQ;
				ENABLE_PREVIEWS = YES;
				GENERATE_INFOPLIST_FILE = YES;
				INFOPLIST_KEY_UIApplicationSceneManifest_Generation = YES;
				INFOPLIST_KEY_UIApplicationSupportsIndirectInputEvents = YES;
				INFOPLIST_KEY_UILaunchScreen_Generation = YES;
				INFOPLIST_KEY_UISupportedInterfaceOrientations_iPad = "UIInterfaceOrientationPortrait UIInterfaceOrientationPortraitUpsideDown UIInterfaceOrientationLandscapeLeft UIInterfaceOrientationLandscapeRight";
				INFOPLIST_KEY_UISupportedInterfaceOrientations_iPhone = "UIInterfaceOrientationPortrait UIInterfaceOrientationLandscapeLeft UIInterfaceOrientationLandscapeRight";
				IPHONEOS_DEPLOYMENT_TARGET = 15.0;
				LD_RUNPATH_SEARCH_PATHS = (
					"$(inherited)",
					"@executable_path/Frameworks",
				);
				MARKETING_VERSION = 1.0;
				PRODUCT_BUNDLE_IDENTIFIER = com.fang.yiwan.CryptoGod;
				PRODUCT_NAME = "$(TARGET_NAME)";
				SWIFT_EMIT_LOC_STRINGS = YES;
				SWIFT_VERSION = 5.0;
				TARGETED_DEVICE_FAMILY = "1,2";
			};
			name = Release;
		};
		6F2BDD66277746FA00BB89AF /* Debug */ = {
			isa = XCBuildConfiguration;
			buildSettings = {
				ALWAYS_EMBED_SWIFT_STANDARD_LIBRARIES = YES;
				BUNDLE_LOADER = "$(TEST_HOST)";
				CODE_SIGN_STYLE = Automatic;
				CURRENT_PROJECT_VERSION = 1;
				DEVELOPMENT_TEAM = F72524F5FQ;
				GENERATE_INFOPLIST_FILE = YES;
				IPHONEOS_DEPLOYMENT_TARGET = 14.0;
				LD_RUNPATH_SEARCH_PATHS = (
					"$(inherited)",
					"@executable_path/Frameworks",
					"@loader_path/Frameworks",
				);
				MARKETING_VERSION = 1.0;
				PRODUCT_BUNDLE_IDENTIFIER = com.fang.yiwan.CryptoGodTests;
				PRODUCT_NAME = "$(TARGET_NAME)";
				SWIFT_EMIT_LOC_STRINGS = NO;
				SWIFT_VERSION = 5.0;
				TARGETED_DEVICE_FAMILY = "1,2";
				TEST_HOST = "$(BUILT_PRODUCTS_DIR)/CryptoGod.app/CryptoGod";
			};
			name = Debug;
		};
		6F2BDD67277746FA00BB89AF /* Release */ = {
			isa = XCBuildConfiguration;
			buildSettings = {
				ALWAYS_EMBED_SWIFT_STANDARD_LIBRARIES = YES;
				BUNDLE_LOADER = "$(TEST_HOST)";
				CODE_SIGN_STYLE = Automatic;
				CURRENT_PROJECT_VERSION = 1;
				DEVELOPMENT_TEAM = F72524F5FQ;
				GENERATE_INFOPLIST_FILE = YES;
				IPHONEOS_DEPLOYMENT_TARGET = 14.0;
				LD_RUNPATH_SEARCH_PATHS = (
					"$(inherited)",
					"@executable_path/Frameworks",
					"@loader_path/Frameworks",
				);
				MARKETING_VERSION = 1.0;
				PRODUCT_BUNDLE_IDENTIFIER = com.fang.yiwan.CryptoGodTests;
				PRODUCT_NAME = "$(TARGET_NAME)";
				SWIFT_EMIT_LOC_STRINGS = NO;
				SWIFT_VERSION = 5.0;
				TARGETED_DEVICE_FAMILY = "1,2";
				TEST_HOST = "$(BUILT_PRODUCTS_DIR)/CryptoGod.app/CryptoGod";
			};
			name = Release;
		};
		6F2BDD69277746FA00BB89AF /* Debug */ = {
			isa = XCBuildConfiguration;
			buildSettings = {
				ALWAYS_EMBED_SWIFT_STANDARD_LIBRARIES = YES;
				CODE_SIGN_STYLE = Automatic;
				CURRENT_PROJECT_VERSION = 1;
				DEVELOPMENT_TEAM = F72524F5FQ;
				GENERATE_INFOPLIST_FILE = YES;
				LD_RUNPATH_SEARCH_PATHS = (
					"$(inherited)",
					"@executable_path/Frameworks",
					"@loader_path/Frameworks",
				);
				MARKETING_VERSION = 1.0;
				PRODUCT_BUNDLE_IDENTIFIER = com.fang.yiwan.CryptoGodUITests;
				PRODUCT_NAME = "$(TARGET_NAME)";
				SWIFT_EMIT_LOC_STRINGS = NO;
				SWIFT_VERSION = 5.0;
				TARGETED_DEVICE_FAMILY = "1,2";
				TEST_TARGET_NAME = CryptoGod;
			};
			name = Debug;
		};
		6F2BDD6A277746FA00BB89AF /* Release */ = {
			isa = XCBuildConfiguration;
			buildSettings = {
				ALWAYS_EMBED_SWIFT_STANDARD_LIBRARIES = YES;
				CODE_SIGN_STYLE = Automatic;
				CURRENT_PROJECT_VERSION = 1;
				DEVELOPMENT_TEAM = F72524F5FQ;
				GENERATE_INFOPLIST_FILE = YES;
				LD_RUNPATH_SEARCH_PATHS = (
					"$(inherited)",
					"@executable_path/Frameworks",
					"@loader_path/Frameworks",
				);
				MARKETING_VERSION = 1.0;
				PRODUCT_BUNDLE_IDENTIFIER = com.fang.yiwan.CryptoGodUITests;
				PRODUCT_NAME = "$(TARGET_NAME)";
				SWIFT_EMIT_LOC_STRINGS = NO;
				SWIFT_VERSION = 5.0;
				TARGETED_DEVICE_FAMILY = "1,2";
				TEST_TARGET_NAME = CryptoGod;
			};
			name = Release;
		};
		6FB9A35627787700009CDBAD /* Debug */ = {
			isa = XCBuildConfiguration;
			buildSettings = {
				CODE_SIGN_STYLE = Automatic;
				CURRENT_PROJECT_VERSION = 1;
				DEFINES_MODULE = YES;
				DEVELOPMENT_TEAM = F72524F5FQ;
				DYLIB_COMPATIBILITY_VERSION = 1;
				DYLIB_CURRENT_VERSION = 1;
				DYLIB_INSTALL_NAME_BASE = "@rpath";
				GENERATE_INFOPLIST_FILE = YES;
				INFOPLIST_KEY_NSHumanReadableCopyright = "";
				INSTALL_PATH = "$(LOCAL_LIBRARY_DIR)/Frameworks";
				LD_RUNPATH_SEARCH_PATHS = (
					"$(inherited)",
					"@executable_path/Frameworks",
					"@loader_path/Frameworks",
				);
				MARKETING_VERSION = 1.0;
				PRODUCT_BUNDLE_IDENTIFIER = com.fang.yiwan.APIBase;
				PRODUCT_NAME = "$(TARGET_NAME:c99extidentifier)";
				SKIP_INSTALL = YES;
				SWIFT_EMIT_LOC_STRINGS = YES;
				SWIFT_VERSION = 5.0;
				TARGETED_DEVICE_FAMILY = "1,2";
				VERSIONING_SYSTEM = "apple-generic";
				VERSION_INFO_PREFIX = "";
			};
			name = Debug;
		};
		6FB9A35727787700009CDBAD /* Release */ = {
			isa = XCBuildConfiguration;
			buildSettings = {
				CODE_SIGN_STYLE = Automatic;
				CURRENT_PROJECT_VERSION = 1;
				DEFINES_MODULE = YES;
				DEVELOPMENT_TEAM = F72524F5FQ;
				DYLIB_COMPATIBILITY_VERSION = 1;
				DYLIB_CURRENT_VERSION = 1;
				DYLIB_INSTALL_NAME_BASE = "@rpath";
				GENERATE_INFOPLIST_FILE = YES;
				INFOPLIST_KEY_NSHumanReadableCopyright = "";
				INSTALL_PATH = "$(LOCAL_LIBRARY_DIR)/Frameworks";
				LD_RUNPATH_SEARCH_PATHS = (
					"$(inherited)",
					"@executable_path/Frameworks",
					"@loader_path/Frameworks",
				);
				MARKETING_VERSION = 1.0;
				PRODUCT_BUNDLE_IDENTIFIER = com.fang.yiwan.APIBase;
				PRODUCT_NAME = "$(TARGET_NAME:c99extidentifier)";
				SKIP_INSTALL = YES;
				SWIFT_EMIT_LOC_STRINGS = YES;
				SWIFT_VERSION = 5.0;
				TARGETED_DEVICE_FAMILY = "1,2";
				VERSIONING_SYSTEM = "apple-generic";
				VERSION_INFO_PREFIX = "";
			};
			name = Release;
		};
/* End XCBuildConfiguration section */

/* Begin XCConfigurationList section */
		6F2BDD39277746FA00BB89AF /* Build configuration list for PBXProject "CryptoGod" */ = {
			isa = XCConfigurationList;
			buildConfigurations = (
				6F2BDD60277746FA00BB89AF /* Debug */,
				6F2BDD61277746FA00BB89AF /* Release */,
			);
			defaultConfigurationIsVisible = 0;
			defaultConfigurationName = Release;
		};
		6F2BDD62277746FA00BB89AF /* Build configuration list for PBXNativeTarget "CryptoGod" */ = {
			isa = XCConfigurationList;
			buildConfigurations = (
				6F2BDD63277746FA00BB89AF /* Debug */,
				6F2BDD64277746FA00BB89AF /* Release */,
			);
			defaultConfigurationIsVisible = 0;
			defaultConfigurationName = Release;
		};
		6F2BDD65277746FA00BB89AF /* Build configuration list for PBXNativeTarget "CryptoGodTests" */ = {
			isa = XCConfigurationList;
			buildConfigurations = (
				6F2BDD66277746FA00BB89AF /* Debug */,
				6F2BDD67277746FA00BB89AF /* Release */,
			);
			defaultConfigurationIsVisible = 0;
			defaultConfigurationName = Release;
		};
		6F2BDD68277746FA00BB89AF /* Build configuration list for PBXNativeTarget "CryptoGodUITests" */ = {
			isa = XCConfigurationList;
			buildConfigurations = (
				6F2BDD69277746FA00BB89AF /* Debug */,
				6F2BDD6A277746FA00BB89AF /* Release */,
			);
			defaultConfigurationIsVisible = 0;
			defaultConfigurationName = Release;
		};
		6FB9A35827787700009CDBAD /* Build configuration list for PBXNativeTarget "APIBase" */ = {
			isa = XCConfigurationList;
			buildConfigurations = (
				6FB9A35627787700009CDBAD /* Debug */,
				6FB9A35727787700009CDBAD /* Release */,
			);
			defaultConfigurationIsVisible = 0;
			defaultConfigurationName = Release;
		};
/* End XCConfigurationList section */

/* Begin XCRemoteSwiftPackageReference section */
		6F78CA042778788C00E176F7 /* XCRemoteSwiftPackageReference "Moya.git" */ = {
			isa = XCRemoteSwiftPackageReference;
			repositoryURL = "https://github.com/Moya/Moya.git";
			requirement = {
				kind = upToNextMajorVersion;
				minimumVersion = 15.0.0;
			};
		};
/* End XCRemoteSwiftPackageReference section */

/* Begin XCSwiftPackageProductDependency section */
		6F78CA052778788C00E176F7 /* CombineMoya */ = {
			isa = XCSwiftPackageProductDependency;
			package = 6F78CA042778788C00E176F7 /* XCRemoteSwiftPackageReference "Moya.git" */;
			productName = CombineMoya;
		};
		6F78CA072778788C00E176F7 /* Moya */ = {
			isa = XCSwiftPackageProductDependency;
			package = 6F78CA042778788C00E176F7 /* XCRemoteSwiftPackageReference "Moya.git" */;
			productName = Moya;
		};
		6F78CA092778788C00E176F7 /* ReactiveMoya */ = {
			isa = XCSwiftPackageProductDependency;
			package = 6F78CA042778788C00E176F7 /* XCRemoteSwiftPackageReference "Moya.git" */;
			productName = ReactiveMoya;
		};
		6F78CA0B2778788C00E176F7 /* RxMoya */ = {
			isa = XCSwiftPackageProductDependency;
			package = 6F78CA042778788C00E176F7 /* XCRemoteSwiftPackageReference "Moya.git" */;
			productName = RxMoya;
		};
/* End XCSwiftPackageProductDependency section */
	};
	rootObject = 6F2BDD36277746FA00BB89AF /* Project object */;
}
